
Microsoft Visual Studio Solution File, Format Version 12.00
# Visual Studio Version 17
VisualStudioVersion = 17.0.31903.59
MinimumVisualStudioVersion = 10.0.40219.1
Project("{2150E333-8FDC-42A3-9474-1A3956D46DE8}") = "src", "src", "{48295225-1B89-4566-951E-CAC0CD1FEBBD}"
EndProject
Project("{FAE04EC0-301F-11D3-BF4B-00C04F79EFBC}") = "TradingBot.Core", "src\TradingBot.Core\TradingBot.Core.csproj", "{556FA308-F0F0-4C11-A4D1-B5F17CADDAFF}"
EndProject
Project("{FAE04EC0-301F-11D3-BF4B-00C04F79EFBC}") = "TradingBot.Data", "src\TradingBot.Data\TradingBot.Data.csproj", "{9F5FDBC9-32CD-4C48-A943-4BBD80A346BF}"
EndProject
Project("{FAE04EC0-301F-11D3-BF4B-00C04F79EFBC}") = "TradingBot.Exchange", "src\TradingBot.Exchange\TradingBot.Exchange.csproj", "{89BA8EBA-21DC-4F46-A052-E46F1719AB0A}"
EndProject
Project("{FAE04EC0-301F-11D3-BF4B-00C04F79EFBC}") = "TradingBot.Strategies", "src\TradingBot.Strategies\TradingBot.Strategies.csproj", "{D471FCEB-214B-402E-B153-1133AD38456C}"
EndProject
Project("{FAE04EC0-301F-11D3-BF4B-00C04F79EFBC}") = "TradingBot.Risk", "src\TradingBot.Risk\TradingBot.Risk.csproj", "{3F70B951-D10F-4640-BE76-165CCE44D5A0}"
EndProject
Project("{FAE04EC0-301F-11D3-BF4B-00C04F79EFBC}") = "TradingBot.Execution", "src\TradingBot.Execution\TradingBot.Execution.csproj", "{1CD18313-6E7D-412A-9320-0C7F66A4B18B}"
EndProject
Project("{FAE04EC0-301F-11D3-BF4B-00C04F79EFBC}") = "TradingBot.AI", "src\TradingBot.AI\TradingBot.AI.csproj", "{13F3810D-15AB-480B-8C4E-58500DA49C1D}"
EndProject
Project("{FAE04EC0-301F-11D3-BF4B-00C04F79EFBC}") = "TradingBot.Backtest", "src\TradingBot.Backtest\TradingBot.Backtest.csproj", "{3D8154A9-83F0-4BC4-8E4C-13792D5CD3DA}"
EndProject
Project("{FAE04EC0-301F-11D3-BF4B-00C04F79EFBC}") = "TradingBot.Worker", "src\TradingBot.Worker\TradingBot.Worker.csproj", "{F74CA3D8-6229-42B2-80F2-D257DB610273}"
EndProject
Project("{2150E333-8FDC-42A3-9474-1A3956D46DE8}") = "tests", "tests", "{FEB007F7-CB8B-40CC-94EE-D0C5DD4D5C9C}"
EndProject
Project("{FAE04EC0-301F-11D3-BF4B-00C04F79EFBC}") = "TradingBot.Tests", "tests\TradingBot.Tests\TradingBot.Tests.csproj", "{2C18D837-7A05-4134-BF35-B787D83EB0EF}"
EndProject
Project("{FAE04EC0-301F-11D3-BF4B-00C04F79EFBC}") = "TradingBot.MigrationsRunner", "src\TradingBot.MigrationsRunner\TradingBot.MigrationsRunner.csproj", "{4EBE3261-95D7-45A2-B2D6-6788E57C7EAA}"
EndProject
Project("{FAE04EC0-301F-11D3-BF4B-00C04F79EFBC}") = "TradingBot.MarketData", "src\TradingBot.MarketData\TradingBot.MarketData.csproj", "{C7503590-0F1B-4271-A94F-FA9F0F1498FF}"
EndProject
Global
	GlobalSection(SolutionConfigurationPlatforms) = preSolution
		Debug|Any CPU = Debug|Any CPU
		Release|Any CPU = Release|Any CPU
	EndGlobalSection
	GlobalSection(SolutionProperties) = preSolution
		HideSolutionNode = FALSE
	EndGlobalSection
	GlobalSection(ProjectConfigurationPlatforms) = postSolution
		{556FA308-F0F0-4C11-A4D1-B5F17CADDAFF}.Debug|Any CPU.ActiveCfg = Debug|Any CPU
		{556FA308-F0F0-4C11-A4D1-B5F17CADDAFF}.Debug|Any CPU.Build.0 = Debug|Any CPU
		{556FA308-F0F0-4C11-A4D1-B5F17CADDAFF}.Release|Any CPU.ActiveCfg = Release|Any CPU
		{556FA308-F0F0-4C11-A4D1-B5F17CADDAFF}.Release|Any CPU.Build.0 = Release|Any CPU
		{9F5FDBC9-32CD-4C48-A943-4BBD80A346BF}.Debug|Any CPU.ActiveCfg = Debug|Any CPU
		{9F5FDBC9-32CD-4C48-A943-4BBD80A346BF}.Debug|Any CPU.Build.0 = Debug|Any CPU
		{9F5FDBC9-32CD-4C48-A943-4BBD80A346BF}.Release|Any CPU.ActiveCfg = Release|Any CPU
		{9F5FDBC9-32CD-4C48-A943-4BBD80A346BF}.Release|Any CPU.Build.0 = Release|Any CPU
		{89BA8EBA-21DC-4F46-A052-E46F1719AB0A}.Debug|Any CPU.ActiveCfg = Debug|Any CPU
		{89BA8EBA-21DC-4F46-A052-E46F1719AB0A}.Debug|Any CPU.Build.0 = Debug|Any CPU
		{89BA8EBA-21DC-4F46-A052-E46F1719AB0A}.Release|Any CPU.ActiveCfg = Release|Any CPU
		{89BA8EBA-21DC-4F46-A052-E46F1719AB0A}.Release|Any CPU.Build.0 = Release|Any CPU
		{D471FCEB-214B-402E-B153-1133AD38456C}.Debug|Any CPU.ActiveCfg = Debug|Any CPU
		{D471FCEB-214B-402E-B153-1133AD38456C}.Debug|Any CPU.Build.0 = Debug|Any CPU
		{D471FCEB-214B-402E-B153-1133AD38456C}.Release|Any CPU.ActiveCfg = Release|Any CPU
		{D471FCEB-214B-402E-B153-1133AD38456C}.Release|Any CPU.Build.0 = Release|Any CPU
		{3F70B951-D10F-4640-BE76-165CCE44D5A0}.Debug|Any CPU.ActiveCfg = Debug|Any CPU
		{3F70B951-D10F-4640-BE76-165CCE44D5A0}.Debug|Any CPU.Build.0 = Debug|Any CPU
		{3F70B951-D10F-4640-BE76-165CCE44D5A0}.Release|Any CPU.ActiveCfg = Release|Any CPU
		{3F70B951-D10F-4640-BE76-165CCE44D5A0}.Release|Any CPU.Build.0 = Release|Any CPU
		{1CD18313-6E7D-412A-9320-0C7F66A4B18B}.Debug|Any CPU.ActiveCfg = Debug|Any CPU
		{1CD18313-6E7D-412A-9320-0C7F66A4B18B}.Debug|Any CPU.Build.0 = Debug|Any CPU
		{1CD18313-6E7D-412A-9320-0C7F66A4B18B}.Release|Any CPU.ActiveCfg = Release|Any CPU
		{1CD18313-6E7D-412A-9320-0C7F66A4B18B}.Release|Any CPU.Build.0 = Release|Any CPU
		{13F3810D-15AB-480B-8C4E-58500DA49C1D}.Debug|Any CPU.ActiveCfg = Debug|Any CPU
		{13F3810D-15AB-480B-8C4E-58500DA49C1D}.Debug|Any CPU.Build.0 = Debug|Any CPU
		{13F3810D-15AB-480B-8C4E-58500DA49C1D}.Release|Any CPU.ActiveCfg = Release|Any CPU
		{13F3810D-15AB-480B-8C4E-58500DA49C1D}.Release|Any CPU.Build.0 = Release|Any CPU
		{3D8154A9-83F0-4BC4-8E4C-13792D5CD3DA}.Debug|Any CPU.ActiveCfg = Debug|Any CPU
		{3D8154A9-83F0-4BC4-8E4C-13792D5CD3DA}.Debug|Any CPU.Build.0 = Debug|Any CPU
		{3D8154A9-83F0-4BC4-8E4C-13792D5CD3DA}.Release|Any CPU.ActiveCfg = Release|Any CPU
		{3D8154A9-83F0-4BC4-8E4C-13792D5CD3DA}.Release|Any CPU.Build.0 = Release|Any CPU
		{F74CA3D8-6229-42B2-80F2-D257DB610273}.Debug|Any CPU.ActiveCfg = Debug|Any CPU
		{F74CA3D8-6229-42B2-80F2-D257DB610273}.Debug|Any CPU.Build.0 = Debug|Any CPU
		{F74CA3D8-6229-42B2-80F2-D257DB610273}.Release|Any CPU.ActiveCfg = Release|Any CPU
		{F74CA3D8-6229-42B2-80F2-D257DB610273}.Release|Any CPU.Build.0 = Release|Any CPU
		{2C18D837-7A05-4134-BF35-B787D83EB0EF}.Debug|Any CPU.ActiveCfg = Debug|Any CPU
		{2C18D837-7A05-4134-BF35-B787D83EB0EF}.Debug|Any CPU.Build.0 = Debug|Any CPU
		{2C18D837-7A05-4134-BF35-B787D83EB0EF}.Release|Any CPU.ActiveCfg = Release|Any CPU
		{2C18D837-7A05-4134-BF35-B787D83EB0EF}.Release|Any CPU.Build.0 = Release|Any CPU
		{4EBE3261-95D7-45A2-B2D6-6788E57C7EAA}.Debug|Any CPU.ActiveCfg = Debug|Any CPU
		{4EBE3261-95D7-45A2-B2D6-6788E57C7EAA}.Debug|Any CPU.Build.0 = Debug|Any CPU
		{4EBE3261-95D7-45A2-B2D6-6788E57C7EAA}.Release|Any CPU.ActiveCfg = Release|Any CPU
		{4EBE3261-95D7-45A2-B2D6-6788E57C7EAA}.Release|Any CPU.Build.0 = Release|Any CPU
		{C7503590-0F1B-4271-A94F-FA9F0F1498FF}.Debug|Any CPU.ActiveCfg = Debug|Any CPU
		{C7503590-0F1B-4271-A94F-FA9F0F1498FF}.Debug|Any CPU.Build.0 = Debug|Any CPU
		{C7503590-0F1B-4271-A94F-FA9F0F1498FF}.Release|Any CPU.ActiveCfg = Release|Any CPU
		{C7503590-0F1B-4271-A94F-FA9F0F1498FF}.Release|Any CPU.Build.0 = Release|Any CPU
	EndGlobalSection
	GlobalSection(NestedProjects) = preSolution
		{556FA308-F0F0-4C11-A4D1-B5F17CADDAFF} = {48295225-1B89-4566-951E-CAC0CD1FEBBD}
		{9F5FDBC9-32CD-4C48-A943-4BBD80A346BF} = {48295225-1B89-4566-951E-CAC0CD1FEBBD}
		{89BA8EBA-21DC-4F46-A052-E46F1719AB0A} = {48295225-1B89-4566-951E-CAC0CD1FEBBD}
		{D471FCEB-214B-402E-B153-1133AD38456C} = {48295225-1B89-4566-951E-CAC0CD1FEBBD}
		{3F70B951-D10F-4640-BE76-165CCE44D5A0} = {48295225-1B89-4566-951E-CAC0CD1FEBBD}
		{1CD18313-6E7D-412A-9320-0C7F66A4B18B} = {48295225-1B89-4566-951E-CAC0CD1FEBBD}
		{13F3810D-15AB-480B-8C4E-58500DA49C1D} = {48295225-1B89-4566-951E-CAC0CD1FEBBD}
		{3D8154A9-83F0-4BC4-8E4C-13792D5CD3DA} = {48295225-1B89-4566-951E-CAC0CD1FEBBD}
		{F74CA3D8-6229-42B2-80F2-D257DB610273} = {48295225-1B89-4566-951E-CAC0CD1FEBBD}
		{2C18D837-7A05-4134-BF35-B787D83EB0EF} = {FEB007F7-CB8B-40CC-94EE-D0C5DD4D5C9C}
		{4EBE3261-95D7-45A2-B2D6-6788E57C7EAA} = {48295225-1B89-4566-951E-CAC0CD1FEBBD}
		{C7503590-0F1B-4271-A94F-FA9F0F1498FF} = {48295225-1B89-4566-951E-CAC0CD1FEBBD}
	EndGlobalSection
EndGlobal
